
Microsoft Visual Studio Solution File, Format Version 12.00
Project("{FAE04EC0-301F-11D3-BF4B-00C04F79EFBC}") = "personalBlogSolution.Data", "personalBlogSolution.Data\personalBlogSolution.Data.csproj", "{1A58DF70-34BB-4FEA-9F99-B152CAF33D0B}"
EndProject
Project("{FAE04EC0-301F-11D3-BF4B-00C04F79EFBC}") = "personalBlogSolution.ViewModels", "personalBlogSolution.ViewModels\personalBlogSolution.ViewModels.csproj", "{5884D668-3FCD-491C-98A5-2F78FE44AFC6}"
EndProject
Project("{2150E333-8FDC-42A3-9474-1A3956D46DE8}") = "Domains", "Domains", "{DEE7258C-502E-408A-8B8F-A531B8D3842E}"
EndProject
Project("{2150E333-8FDC-42A3-9474-1A3956D46DE8}") = "Hosts", "Hosts", "{BAB81295-4541-4C19-AB81-9C62FC6786A0}"
EndProject
Project("{FAE04EC0-301F-11D3-BF4B-00C04F79EFBC}") = "personalBlogSolution.BackendAPI", "personalBlogSolution.BackendAPI\personalBlogSolution.BackendAPI.csproj", "{D3120455-B912-4970-9341-4B0F0B0CF748}"
EndProject
Project("{FAE04EC0-301F-11D3-BF4B-00C04F79EFBC}") = "personalBlogSolution.WebApp", "personalBlogSolution.WebApp\personalBlogSolution.WebApp.csproj", "{AA0833CC-705D-47A7-A4D2-F79F532B53B2}"
EndProject
Project("{FAE04EC0-301F-11D3-BF4B-00C04F79EFBC}") = "personalBlogSolution.AdminApp", "personalBlogSolution.AdminApp\personalBlogSolution.AdminApp.csproj", "{3E4AC036-2E5F-4B5D-99CA-F6B0FFE70406}"
EndProject
Project("{2150E333-8FDC-42A3-9474-1A3956D46DE8}") = "Infrastructure", "Infrastructure", "{C88F59BF-1C34-4C34-B97A-13D0B357DCE9}"
EndProject
Project("{FAE04EC0-301F-11D3-BF4B-00C04F79EFBC}") = "personalBlogSolution.Utilities", "personalBlogSolution.Utilities\personalBlogSolution.Utilities.csproj", "{ACFF3C33-205C-4771-A600-C863A2904C91}"
EndProject
Project("{FAE04EC0-301F-11D3-BF4B-00C04F79EFBC}") = "personalBlogSolution.Services", "personalBlogSolution.Services\personalBlogSolution.Services.csproj", "{2B9996B3-21AB-4FE1-B3CB-8B16395B2ECC}"
EndProject
Global
	GlobalSection(SolutionConfigurationPlatforms) = preSolution
		Debug|Any CPU = Debug|Any CPU
		Release|Any CPU = Release|Any CPU
	EndGlobalSection
	GlobalSection(ProjectConfigurationPlatforms) = postSolution
		{1A58DF70-34BB-4FEA-9F99-B152CAF33D0B}.Debug|Any CPU.ActiveCfg = Debug|Any CPU
		{1A58DF70-34BB-4FEA-9F99-B152CAF33D0B}.Debug|Any CPU.Build.0 = Debug|Any CPU
		{1A58DF70-34BB-4FEA-9F99-B152CAF33D0B}.Release|Any CPU.ActiveCfg = Release|Any CPU
		{1A58DF70-34BB-4FEA-9F99-B152CAF33D0B}.Release|Any CPU.Build.0 = Release|Any CPU
		{5884D668-3FCD-491C-98A5-2F78FE44AFC6}.Debug|Any CPU.ActiveCfg = Debug|Any CPU
		{5884D668-3FCD-491C-98A5-2F78FE44AFC6}.Debug|Any CPU.Build.0 = Debug|Any CPU
		{5884D668-3FCD-491C-98A5-2F78FE44AFC6}.Release|Any CPU.ActiveCfg = Release|Any CPU
		{5884D668-3FCD-491C-98A5-2F78FE44AFC6}.Release|Any CPU.Build.0 = Release|Any CPU
		{D3120455-B912-4970-9341-4B0F0B0CF748}.Debug|Any CPU.ActiveCfg = Debug|Any CPU
		{D3120455-B912-4970-9341-4B0F0B0CF748}.Debug|Any CPU.Build.0 = Debug|Any CPU
		{D3120455-B912-4970-9341-4B0F0B0CF748}.Release|Any CPU.ActiveCfg = Release|Any CPU
		{D3120455-B912-4970-9341-4B0F0B0CF748}.Release|Any CPU.Build.0 = Release|Any CPU
		{AA0833CC-705D-47A7-A4D2-F79F532B53B2}.Debug|Any CPU.ActiveCfg = Debug|Any CPU
		{AA0833CC-705D-47A7-A4D2-F79F532B53B2}.Debug|Any CPU.Build.0 = Debug|Any CPU
		{AA0833CC-705D-47A7-A4D2-F79F532B53B2}.Release|Any CPU.ActiveCfg = Release|Any CPU
		{AA0833CC-705D-47A7-A4D2-F79F532B53B2}.Release|Any CPU.Build.0 = Release|Any CPU
		{3E4AC036-2E5F-4B5D-99CA-F6B0FFE70406}.Debug|Any CPU.ActiveCfg = Debug|Any CPU
		{3E4AC036-2E5F-4B5D-99CA-F6B0FFE70406}.Debug|Any CPU.Build.0 = Debug|Any CPU
		{3E4AC036-2E5F-4B5D-99CA-F6B0FFE70406}.Release|Any CPU.ActiveCfg = Release|Any CPU
		{3E4AC036-2E5F-4B5D-99CA-F6B0FFE70406}.Release|Any CPU.Build.0 = Release|Any CPU
		{ACFF3C33-205C-4771-A600-C863A2904C91}.Debug|Any CPU.ActiveCfg = Debug|Any CPU
		{ACFF3C33-205C-4771-A600-C863A2904C91}.Debug|Any CPU.Build.0 = Debug|Any CPU
		{ACFF3C33-205C-4771-A600-C863A2904C91}.Release|Any CPU.ActiveCfg = Release|Any CPU
		{ACFF3C33-205C-4771-A600-C863A2904C91}.Release|Any CPU.Build.0 = Release|Any CPU
		{2B9996B3-21AB-4FE1-B3CB-8B16395B2ECC}.Debug|Any CPU.ActiveCfg = Debug|Any CPU
		{2B9996B3-21AB-4FE1-B3CB-8B16395B2ECC}.Debug|Any CPU.Build.0 = Debug|Any CPU
		{2B9996B3-21AB-4FE1-B3CB-8B16395B2ECC}.Release|Any CPU.ActiveCfg = Release|Any CPU
		{2B9996B3-21AB-4FE1-B3CB-8B16395B2ECC}.Release|Any CPU.Build.0 = Release|Any CPU
	EndGlobalSection
	GlobalSection(NestedProjects) = preSolution
		{1A58DF70-34BB-4FEA-9F99-B152CAF33D0B} = {DEE7258C-502E-408A-8B8F-A531B8D3842E}
		{D3120455-B912-4970-9341-4B0F0B0CF748} = {BAB81295-4541-4C19-AB81-9C62FC6786A0}
		{AA0833CC-705D-47A7-A4D2-F79F532B53B2} = {BAB81295-4541-4C19-AB81-9C62FC6786A0}
		{3E4AC036-2E5F-4B5D-99CA-F6B0FFE70406} = {BAB81295-4541-4C19-AB81-9C62FC6786A0}
		{ACFF3C33-205C-4771-A600-C863A2904C91} = {C88F59BF-1C34-4C34-B97A-13D0B357DCE9}
		{5884D668-3FCD-491C-98A5-2F78FE44AFC6} = {C88F59BF-1C34-4C34-B97A-13D0B357DCE9}
		{2B9996B3-21AB-4FE1-B3CB-8B16395B2ECC} = {DEE7258C-502E-408A-8B8F-A531B8D3842E}
	EndGlobalSection
EndGlobal
